
Microsoft Visual Studio Solution File, Format Version 12.00
# Visual Studio Version 17
VisualStudioVersion = 17.8.34525.116
MinimumVisualStudioVersion = 10.0.40219.1
Project("{FAE04EC0-301F-11D3-BF4B-00C04F79EFBC}") = "TechVisionLab1", "TechVisionLab1\TechVisionLab1.csproj", "{4DC37FE8-0BA6-4E3D-86B3-1A723156A7D7}"
EndProject
Global
	GlobalSection(SolutionConfigurationPlatforms) = preSolution
		Debug|Any CPU = Debug|Any CPU
		Release|Any CPU = Release|Any CPU
	EndGlobalSection
	GlobalSection(ProjectConfigurationPlatforms) = postSolution
		{4DC37FE8-0BA6-4E3D-86B3-1A723156A7D7}.Debug|Any CPU.ActiveCfg = Debug|Any CPU
		{4DC37FE8-0BA6-4E3D-86B3-1A723156A7D7}.Debug|Any CPU.Build.0 = Debug|Any CPU
		{4DC37FE8-0BA6-4E3D-86B3-1A723156A7D7}.Release|Any CPU.ActiveCfg = Release|Any CPU
		{4DC37FE8-0BA6-4E3D-86B3-1A723156A7D7}.Release|Any CPU.Build.0 = Release|Any CPU
	EndGlobalSection
	GlobalSection(SolutionProperties) = preSolution
		HideSolutionNode = FALSE
	EndGlobalSection
	GlobalSection(ExtensibilityGlobals) = postSolution
		SolutionGuid = {A66C1AB7-B08E-4414-B314-BC508063D7F9}
	EndGlobalSection
EndGlobal
